// !$*UTF8*$!
{
	archiveVersion = 1;
	classes = {
	};
	objectVersion = 56;
	objects = {

/* Begin PBXBuildFile section */
		71AB77E62B33236E0058B7A0 /* Lab3App.swift in Sources */ = {isa = PBXBuildFile; fileRef = 71AB77E52B33236E0058B7A0 /* Lab3App.swift */; };
		71AB77E82B33236E0058B7A0 /* ContentView.swift in Sources */ = {isa = PBXBuildFile; fileRef = 71AB77E72B33236E0058B7A0 /* ContentView.swift */; };
		71AB77EA2B3323700058B7A0 /* Assets.xcassets in Resources */ = {isa = PBXBuildFile; fileRef = 71AB77E92B3323700058B7A0 /* Assets.xcassets */; };
		71AB77ED2B3323700058B7A0 /* Preview Assets.xcassets in Resources */ = {isa = PBXBuildFile; fileRef = 71AB77EC2B3323700058B7A0 /* Preview Assets.xcassets */; };
		71AB77F72B3323700058B7A0 /* Lab3Tests.swift in Sources */ = {isa = PBXBuildFile; fileRef = 71AB77F62B3323700058B7A0 /* Lab3Tests.swift */; };
		71AB78012B3323700058B7A0 /* Lab3UITests.swift in Sources */ = {isa = PBXBuildFile; fileRef = 71AB78002B3323700058B7A0 /* Lab3UITests.swift */; };
		71AB78032B3323700058B7A0 /* Lab3UITestsLaunchTests.swift in Sources */ = {isa = PBXBuildFile; fileRef = 71AB78022B3323700058B7A0 /* Lab3UITestsLaunchTests.swift */; };
		71AB78102B3324150058B7A0 /* API.swift in Sources */ = {isa = PBXBuildFile; fileRef = 71AB780F2B3324140058B7A0 /* API.swift */; };
		71AB78142B3737300058B7A0 /* MachineCard.swift in Sources */ = {isa = PBXBuildFile; fileRef = 71AB78132B3737300058B7A0 /* MachineCard.swift */; };
/* End PBXBuildFile section */

/* Begin PBXContainerItemProxy section */
		71AB77F32B3323700058B7A0 /* PBXContainerItemProxy */ = {
			isa = PBXContainerItemProxy;
			containerPortal = 71AB77DA2B33236E0058B7A0 /* Project object */;
			proxyType = 1;
			remoteGlobalIDString = 71AB77E12B33236E0058B7A0;
			remoteInfo = Lab3;
		};
		71AB77FD2B3323700058B7A0 /* PBXContainerItemProxy */ = {
			isa = PBXContainerItemProxy;
			containerPortal = 71AB77DA2B33236E0058B7A0 /* Project object */;
			proxyType = 1;
			remoteGlobalIDString = 71AB77E12B33236E0058B7A0;
			remoteInfo = Lab3;
		};
/* End PBXContainerItemProxy section */

/* Begin PBXFileReference section */
		71AB77E22B33236E0058B7A0 /* Lab3.app */ = {isa = PBXFileReference; explicitFileType = wrapper.application; includeInIndex = 0; path = Lab3.app; sourceTree = BUILT_PRODUCTS_DIR; };
		71AB77E52B33236E0058B7A0 /* Lab3App.swift */ = {isa = PBXFileReference; lastKnownFileType = sourcecode.swift; path = Lab3App.swift; sourceTree = "<group>"; };
		71AB77E72B33236E0058B7A0 /* ContentView.swift */ = {isa = PBXFileReference; lastKnownFileType = sourcecode.swift; path = ContentView.swift; sourceTree = "<group>"; };
		71AB77E92B3323700058B7A0 /* Assets.xcassets */ = {isa = PBXFileReference; lastKnownFileType = folder.assetcatalog; path = Assets.xcassets; sourceTree = "<group>"; };
		71AB77EC2B3323700058B7A0 /* Preview Assets.xcassets */ = {isa = PBXFileReference; lastKnownFileType = folder.assetcatalog; path = "Preview Assets.xcassets"; sourceTree = "<group>"; };
		71AB77F22B3323700058B7A0 /* Lab3Tests.xctest */ = {isa = PBXFileReference; explicitFileType = wrapper.cfbundle; includeInIndex = 0; path = Lab3Tests.xctest; sourceTree = BUILT_PRODUCTS_DIR; };
		71AB77F62B3323700058B7A0 /* Lab3Tests.swift */ = {isa = PBXFileReference; lastKnownFileType = sourcecode.swift; path = Lab3Tests.swift; sourceTree = "<group>"; };
		71AB77FC2B3323700058B7A0 /* Lab3UITests.xctest */ = {isa = PBXFileReference; explicitFileType = wrapper.cfbundle; includeInIndex = 0; path = Lab3UITests.xctest; sourceTree = BUILT_PRODUCTS_DIR; };
		71AB78002B3323700058B7A0 /* Lab3UITests.swift */ = {isa = PBXFileReference; lastKnownFileType = sourcecode.swift; path = Lab3UITests.swift; sourceTree = "<group>"; };
		71AB78022B3323700058B7A0 /* Lab3UITestsLaunchTests.swift */ = {isa = PBXFileReference; lastKnownFileType = sourcecode.swift; path = Lab3UITestsLaunchTests.swift; sourceTree = "<group>"; };
		71AB780F2B3324140058B7A0 /* API.swift */ = {isa = PBXFileReference; lastKnownFileType = sourcecode.swift; path = API.swift; sourceTree = "<group>"; };
		71AB78132B3737300058B7A0 /* MachineCard.swift */ = {isa = PBXFileReference; lastKnownFileType = sourcecode.swift; path = MachineCard.swift; sourceTree = "<group>"; };
/* End PBXFileReference section */

/* Begin PBXFrameworksBuildPhase section */
		71AB77DF2B33236E0058B7A0 /* Frameworks */ = {
			isa = PBXFrameworksBuildPhase;
			buildActionMask = 2147483647;
			files = (
			);
			runOnlyForDeploymentPostprocessing = 0;
		};
		71AB77EF2B3323700058B7A0 /* Frameworks */ = {
			isa = PBXFrameworksBuildPhase;
			buildActionMask = 2147483647;
			files = (
			);
			runOnlyForDeploymentPostprocessing = 0;
		};
		71AB77F92B3323700058B7A0 /* Frameworks */ = {
			isa = PBXFrameworksBuildPhase;
			buildActionMask = 2147483647;
			files = (
			);
			runOnlyForDeploymentPostprocessing = 0;
		};
/* End PBXFrameworksBuildPhase section */

/* Begin PBXGroup section */
		71AB77D92B33236E0058B7A0 = {
			isa = PBXGroup;
			children = (
				71AB77E42B33236E0058B7A0 /* Lab3 */,
				71AB77F52B3323700058B7A0 /* Lab3Tests */,
				71AB77FF2B3323700058B7A0 /* Lab3UITests */,
				71AB77E32B33236E0058B7A0 /* Products */,
			);
			sourceTree = "<group>";
		};
		71AB77E32B33236E0058B7A0 /* Products */ = {
			isa = PBXGroup;
			children = (
				71AB77E22B33236E0058B7A0 /* Lab3.app */,
				71AB77F22B3323700058B7A0 /* Lab3Tests.xctest */,
				71AB77FC2B3323700058B7A0 /* Lab3UITests.xctest */,
			);
			name = Products;
			sourceTree = "<group>";
		};
		71AB77E42B33236E0058B7A0 /* Lab3 */ = {
			isa = PBXGroup;
			children = (
				71AB78152B375A270058B7A0 /* DB */,
				71AB77E52B33236E0058B7A0 /* Lab3App.swift */,
				71AB77E72B33236E0058B7A0 /* ContentView.swift */,
				71AB78132B3737300058B7A0 /* MachineCard.swift */,
				71AB77E92B3323700058B7A0 /* Assets.xcassets */,
				71AB77EB2B3323700058B7A0 /* Preview Content */,
			);
			path = Lab3;
			sourceTree = "<group>";
		};
		71AB77EB2B3323700058B7A0 /* Preview Content */ = {
			isa = PBXGroup;
			children = (
				71AB77EC2B3323700058B7A0 /* Preview Assets.xcassets */,
			);
			path = "Preview Content";
			sourceTree = "<group>";
		};
		71AB77F52B3323700058B7A0 /* Lab3Tests */ = {
			isa = PBXGroup;
			children = (
				71AB77F62B3323700058B7A0 /* Lab3Tests.swift */,
			);
			path = Lab3Tests;
			sourceTree = "<group>";
		};
		71AB77FF2B3323700058B7A0 /* Lab3UITests */ = {
			isa = PBXGroup;
			children = (
				71AB78002B3323700058B7A0 /* Lab3UITests.swift */,
				71AB78022B3323700058B7A0 /* Lab3UITestsLaunchTests.swift */,
			);
			path = Lab3UITests;
			sourceTree = "<group>";
		};
		71AB78152B375A270058B7A0 /* DB */ = {
			isa = PBXGroup;
			children = (
				71AB780F2B3324140058B7A0 /* API.swift */,
			);
			path = DB;
			sourceTree = "<group>";
		};
/* End PBXGroup section */

/* Begin PBXNativeTarget section */
		71AB77E12B33236E0058B7A0 /* Lab3 */ = {
			isa = PBXNativeTarget;
			buildConfigurationList = 71AB78062B3323700058B7A0 /* Build configuration list for PBXNativeTarget "Lab3" */;
			buildPhases = (
				71AB77DE2B33236E0058B7A0 /* Sources */,
				71AB77DF2B33236E0058B7A0 /* Frameworks */,
				71AB77E02B33236E0058B7A0 /* Resources */,
			);
			buildRules = (
			);
			dependencies = (
			);
			name = Lab3;
			productName = Lab3;
			productReference = 71AB77E22B33236E0058B7A0 /* Lab3.app */;
			productType = "com.apple.product-type.application";
		};
		71AB77F12B3323700058B7A0 /* Lab3Tests */ = {
			isa = PBXNativeTarget;
			buildConfigurationList = 71AB78092B3323700058B7A0 /* Build configuration list for PBXNativeTarget "Lab3Tests" */;
			buildPhases = (
				71AB77EE2B3323700058B7A0 /* Sources */,
				71AB77EF2B3323700058B7A0 /* Frameworks */,
				71AB77F02B3323700058B7A0 /* Resources */,
			);
			buildRules = (
			);
			dependencies = (
				71AB77F42B3323700058B7A0 /* PBXTargetDependency */,
			);
			name = Lab3Tests;
			productName = Lab3Tests;
			productReference = 71AB77F22B3323700058B7A0 /* Lab3Tests.xctest */;
			productType = "com.apple.product-type.bundle.unit-test";
		};
		71AB77FB2B3323700058B7A0 /* Lab3UITests */ = {
			isa = PBXNativeTarget;
			buildConfigurationList = 71AB780C2B3323700058B7A0 /* Build configuration list for PBXNativeTarget "Lab3UITests" */;
			buildPhases = (
				71AB77F82B3323700058B7A0 /* Sources */,
				71AB77F92B3323700058B7A0 /* Frameworks */,
				71AB77FA2B3323700058B7A0 /* Resources */,
			);
			buildRules = (
			);
			dependencies = (
				71AB77FE2B3323700058B7A0 /* PBXTargetDependency */,
			);
			name = Lab3UITests;
			productName = Lab3UITests;
			productReference = 71AB77FC2B3323700058B7A0 /* Lab3UITests.xctest */;
			productType = "com.apple.product-type.bundle.ui-testing";
		};
/* End PBXNativeTarget section */

/* Begin PBXProject section */
		71AB77DA2B33236E0058B7A0 /* Project object */ = {
			isa = PBXProject;
			attributes = {
				BuildIndependentTargetsInParallel = 1;
				LastSwiftUpdateCheck = 1500;
				LastUpgradeCheck = 1500;
				TargetAttributes = {
					71AB77E12B33236E0058B7A0 = {
						CreatedOnToolsVersion = 15.0.1;
					};
					71AB77F12B3323700058B7A0 = {
						CreatedOnToolsVersion = 15.0.1;
						TestTargetID = 71AB77E12B33236E0058B7A0;
					};
					71AB77FB2B3323700058B7A0 = {
						CreatedOnToolsVersion = 15.0.1;
						TestTargetID = 71AB77E12B33236E0058B7A0;
					};
				};
			};
			buildConfigurationList = 71AB77DD2B33236E0058B7A0 /* Build configuration list for PBXProject "Lab3" */;
			compatibilityVersion = "Xcode 14.0";
			developmentRegion = en;
			hasScannedForEncodings = 0;
			knownRegions = (
				en,
				Base,
			);
			mainGroup = 71AB77D92B33236E0058B7A0;
			productRefGroup = 71AB77E32B33236E0058B7A0 /* Products */;
			projectDirPath = "";
			projectRoot = "";
			targets = (
				71AB77E12B33236E0058B7A0 /* Lab3 */,
				71AB77F12B3323700058B7A0 /* Lab3Tests */,
				71AB77FB2B3323700058B7A0 /* Lab3UITests */,
			);
		};
/* End PBXProject section */

/* Begin PBXResourcesBuildPhase section */
		71AB77E02B33236E0058B7A0 /* Resources */ = {
			isa = PBXResourcesBuildPhase;
			buildActionMask = 2147483647;
			files = (
				71AB77ED2B3323700058B7A0 /* Preview Assets.xcassets in Resources */,
				71AB77EA2B3323700058B7A0 /* Assets.xcassets in Resources */,
			);
			runOnlyForDeploymentPostprocessing = 0;
		};
		71AB77F02B3323700058B7A0 /* Resources */ = {
			isa = PBXResourcesBuildPhase;
			buildActionMask = 2147483647;
			files = (
			);
			runOnlyForDeploymentPostprocessing = 0;
		};
		71AB77FA2B3323700058B7A0 /* Resources */ = {
			isa = PBXResourcesBuildPhase;
			buildActionMask = 2147483647;
			files = (
			);
			runOnlyForDeploymentPostprocessing = 0;
		};
/* End PBXResourcesBuildPhase section */

/* Begin PBXSourcesBuildPhase section */
		71AB77DE2B33236E0058B7A0 /* Sources */ = {
			isa = PBXSourcesBuildPhase;
			buildActionMask = 2147483647;
			files = (
				71AB77E82B33236E0058B7A0 /* ContentView.swift in Sources */,
				71AB78102B3324150058B7A0 /* API.swift in Sources */,
				71AB77E62B33236E0058B7A0 /* Lab3App.swift in Sources */,
				71AB78142B3737300058B7A0 /* MachineCard.swift in Sources */,
			);
			runOnlyForDeploymentPostprocessing = 0;
		};
		71AB77EE2B3323700058B7A0 /* Sources */ = {
			isa = PBXSourcesBuildPhase;
			buildActionMask = 2147483647;
			files = (
				71AB77F72B3323700058B7A0 /* Lab3Tests.swift in Sources */,
			);
			runOnlyForDeploymentPostprocessing = 0;
		};
		71AB77F82B3323700058B7A0 /* Sources */ = {
			isa = PBXSourcesBuildPhase;
			buildActionMask = 2147483647;
			files = (
				71AB78032B3323700058B7A0 /* Lab3UITestsLaunchTests.swift in Sources */,
				71AB78012B3323700058B7A0 /* Lab3UITests.swift in Sources */,
			);
			runOnlyForDeploymentPostprocessing = 0;
		};
/* End PBXSourcesBuildPhase section */

/* Begin PBXTargetDependency section */
		71AB77F42B3323700058B7A0 /* PBXTargetDependency */ = {
			isa = PBXTargetDependency;
			target = 71AB77E12B33236E0058B7A0 /* Lab3 */;
			targetProxy = 71AB77F32B3323700058B7A0 /* PBXContainerItemProxy */;
		};
		71AB77FE2B3323700058B7A0 /* PBXTargetDependency */ = {
			isa = PBXTargetDependency;
			target = 71AB77E12B33236E0058B7A0 /* Lab3 */;
			targetProxy = 71AB77FD2B3323700058B7A0 /* PBXContainerItemProxy */;
		};
/* End PBXTargetDependency section */

/* Begin XCBuildConfiguration section */
		71AB78042B3323700058B7A0 /* Debug */ = {
			isa = XCBuildConfiguration;
			buildSettings = {
				ALWAYS_SEARCH_USER_PATHS = NO;
				ASSETCATALOG_COMPILER_GENERATE_SWIFT_ASSET_SYMBOL_EXTENSIONS = YES;
				CLANG_ANALYZER_NONNULL = YES;
				CLANG_ANALYZER_NUMBER_OBJECT_CONVERSION = YES_AGGRESSIVE;
				CLANG_CXX_LANGUAGE_STANDARD = "gnu++20";
				CLANG_ENABLE_MODULES = YES;
				CLANG_ENABLE_OBJC_ARC = YES;
				CLANG_ENABLE_OBJC_WEAK = YES;
				CLANG_WARN_BLOCK_CAPTURE_AUTORELEASING = YES;
				CLANG_WARN_BOOL_CONVERSION = YES;
				CLANG_WARN_COMMA = YES;
				CLANG_WARN_CONSTANT_CONVERSION = YES;
				CLANG_WARN_DEPRECATED_OBJC_IMPLEMENTATIONS = YES;
				CLANG_WARN_DIRECT_OBJC_ISA_USAGE = YES_ERROR;
				CLANG_WARN_DOCUMENTATION_COMMENTS = YES;
				CLANG_WARN_EMPTY_BODY = YES;
				CLANG_WARN_ENUM_CONVERSION = YES;
				CLANG_WARN_INFINITE_RECURSION = YES;
				CLANG_WARN_INT_CONVERSION = YES;
				CLANG_WARN_NON_LITERAL_NULL_CONVERSION = YES;
				CLANG_WARN_OBJC_IMPLICIT_RETAIN_SELF = YES;
				CLANG_WARN_OBJC_LITERAL_CONVERSION = YES;
				CLANG_WARN_OBJC_ROOT_CLASS = YES_ERROR;
				CLANG_WARN_QUOTED_INCLUDE_IN_FRAMEWORK_HEADER = YES;
				CLANG_WARN_RANGE_LOOP_ANALYSIS = YES;
				CLANG_WARN_STRICT_PROTOTYPES = YES;
				CLANG_WARN_SUSPICIOUS_MOVE = YES;
				CLANG_WARN_UNGUARDED_AVAILABILITY = YES_AGGRESSIVE;
				CLANG_WARN_UNREACHABLE_CODE = YES;
				CLANG_WARN__DUPLICATE_METHOD_MATCH = YES;
				COPY_PHASE_STRIP = NO;
				DEBUG_INFORMATION_FORMAT = dwarf;
				ENABLE_STRICT_OBJC_MSGSEND = YES;
				ENABLE_TESTABILITY = YES;
				ENABLE_USER_SCRIPT_SANDBOXING = YES;
				GCC_C_LANGUAGE_STANDARD = gnu17;
				GCC_DYNAMIC_NO_PIC = NO;
				GCC_NO_COMMON_BLOCKS = YES;
				GCC_OPTIMIZATION_LEVEL = 0;
				GCC_PREPROCESSOR_DEFINITIONS = (
					"DEBUG=1",
					"$(inherited)",
				);
				GCC_WARN_64_TO_32_BIT_CONVERSION = YES;
				GCC_WARN_ABOUT_RETURN_TYPE = YES_ERROR;
				GCC_WARN_UNDECLARED_SELECTOR = YES;
				GCC_WARN_UNINITIALIZED_AUTOS = YES_AGGRESSIVE;
				GCC_WARN_UNUSED_FUNCTION = YES;
				GCC_WARN_UNUSED_VARIABLE = YES;
				IPHONEOS_DEPLOYMENT_TARGET = 17.0;
				LOCALIZATION_PREFERS_STRING_CATALOGS = YES;
				MTL_ENABLE_DEBUG_INFO = INCLUDE_SOURCE;
				MTL_FAST_MATH = YES;
				ONLY_ACTIVE_ARCH = YES;
				SDKROOT = iphoneos;
				SWIFT_ACTIVE_COMPILATION_CONDITIONS = "DEBUG $(inherited)";
				SWIFT_OPTIMIZATION_LEVEL = "-Onone";
			};
			name = Debug;
		};
		71AB78052B3323700058B7A0 /* Release */ = {
			isa = XCBuildConfiguration;
			buildSettings = {
				ALWAYS_SEARCH_USER_PATHS = NO;
				ASSETCATALOG_COMPILER_GENERATE_SWIFT_ASSET_SYMBOL_EXTENSIONS = YES;
				CLANG_ANALYZER_NONNULL = YES;
				CLANG_ANALYZER_NUMBER_OBJECT_CONVERSION = YES_AGGRESSIVE;
				CLANG_CXX_LANGUAGE_STANDARD = "gnu++20";
				CLANG_ENABLE_MODULES = YES;
				CLANG_ENABLE_OBJC_ARC = YES;
				CLANG_ENABLE_OBJC_WEAK = YES;
				CLANG_WARN_BLOCK_CAPTURE_AUTORELEASING = YES;
				CLANG_WARN_BOOL_CONVERSION = YES;
				CLANG_WARN_COMMA = YES;
				CLANG_WARN_CONSTANT_CONVERSION = YES;
				CLANG_WARN_DEPRECATED_OBJC_IMPLEMENTATIONS = YES;
				CLANG_WARN_DIRECT_OBJC_ISA_USAGE = YES_ERROR;
				CLANG_WARN_DOCUMENTATION_COMMENTS = YES;
				CLANG_WARN_EMPTY_BODY = YES;
				CLANG_WARN_ENUM_CONVERSION = YES;
				CLANG_WARN_INFINITE_RECURSION = YES;
				CLANG_WARN_INT_CONVERSION = YES;
				CLANG_WARN_NON_LITERAL_NULL_CONVERSION = YES;
				CLANG_WARN_OBJC_IMPLICIT_RETAIN_SELF = YES;
				CLANG_WARN_OBJC_LITERAL_CONVERSION = YES;
				CLANG_WARN_OBJC_ROOT_CLASS = YES_ERROR;
				CLANG_WARN_QUOTED_INCLUDE_IN_FRAMEWORK_HEADER = YES;
				CLANG_WARN_RANGE_LOOP_ANALYSIS = YES;
				CLANG_WARN_STRICT_PROTOTYPES = YES;
				CLANG_WARN_SUSPICIOUS_MOVE = YES;
				CLANG_WARN_UNGUARDED_AVAILABILITY = YES_AGGRESSIVE;
				CLANG_WARN_UNREACHABLE_CODE = YES;
				CLANG_WARN__DUPLICATE_METHOD_MATCH = YES;
				COPY_PHASE_STRIP = NO;
				DEBUG_INFORMATION_FORMAT = "dwarf-with-dsym";
				ENABLE_NS_ASSERTIONS = NO;
				ENABLE_STRICT_OBJC_MSGSEND = YES;
				ENABLE_USER_SCRIPT_SANDBOXING = YES;
				GCC_C_LANGUAGE_STANDARD = gnu17;
				GCC_NO_COMMON_BLOCKS = YES;
				GCC_WARN_64_TO_32_BIT_CONVERSION = YES;
				GCC_WARN_ABOUT_RETURN_TYPE = YES_ERROR;
				GCC_WARN_UNDECLARED_SELECTOR = YES;
				GCC_WARN_UNINITIALIZED_AUTOS = YES_AGGRESSIVE;
				GCC_WARN_UNUSED_FUNCTION = YES;
				GCC_WARN_UNUSED_VARIABLE = YES;
				IPHONEOS_DEPLOYMENT_TARGET = 17.0;
				LOCALIZATION_PREFERS_STRING_CATALOGS = YES;
				MTL_ENABLE_DEBUG_INFO = NO;
				MTL_FAST_MATH = YES;
				SDKROOT = iphoneos;
				SWIFT_COMPILATION_MODE = wholemodule;
				VALIDATE_PRODUCT = YES;
			};
			name = Release;
		};
		71AB78072B3323700058B7A0 /* Debug */ = {
			isa = XCBuildConfiguration;
			buildSettings = {
				ASSETCATALOG_COMPILER_APPICON_NAME = AppIcon;
				ASSETCATALOG_COMPILER_GLOBAL_ACCENT_COLOR_NAME = AccentColor;
				CODE_SIGN_STYLE = Automatic;
				CURRENT_PROJECT_VERSION = 1;
				DEVELOPMENT_ASSET_PATHS = "\"Lab3/Preview Content\"";
				ENABLE_PREVIEWS = YES;
				GENERATE_INFOPLIST_FILE = YES;
				INFOPLIST_KEY_UIApplicationSceneManifest_Generation = YES;
				INFOPLIST_KEY_UIApplicationSupportsIndirectInputEvents = YES;
				INFOPLIST_KEY_UILaunchScreen_Generation = YES;
				INFOPLIST_KEY_UISupportedInterfaceOrientations_iPad = "UIInterfaceOrientationPortrait UIInterfaceOrientationPortraitUpsideDown UIInterfaceOrientationLandscapeLeft UIInterfaceOrientationLandscapeRight";
				INFOPLIST_KEY_UISupportedInterfaceOrientations_iPhone = "UIInterfaceOrientationPortrait UIInterfaceOrientationLandscapeLeft UIInterfaceOrientationLandscapeRight";
				LD_RUNPATH_SEARCH_PATHS = (
					"$(inherited)",
					"@executable_path/Frameworks",
				);
				MARKETING_VERSION = 1.0;
				PRODUCT_BUNDLE_IDENTIFIER = David.Lab3;
				PRODUCT_NAME = "$(TARGET_NAME)";
				SWIFT_EMIT_LOC_STRINGS = YES;
				SWIFT_VERSION = 5.0;
				TARGETED_DEVICE_FAMILY = "1,2";
			};
			name = Debug;
		};
		71AB78082B3323700058B7A0 /* Release */ = {
			isa = XCBuildConfiguration;
			buildSettings = {
				ASSETCATALOG_COMPILER_APPICON_NAME = AppIcon;
				ASSETCATALOG_COMPILER_GLOBAL_ACCENT_COLOR_NAME = AccentColor;
				CODE_SIGN_STYLE = Automatic;
				CURRENT_PROJECT_VERSION = 1;
				DEVELOPMENT_ASSET_PATHS = "\"Lab3/Preview Content\"";
				ENABLE_PREVIEWS = YES;
				GENERATE_INFOPLIST_FILE = YES;
				INFOPLIST_KEY_UIApplicationSceneManifest_Generation = YES;
				INFOPLIST_KEY_UIApplicationSupportsIndirectInputEvents = YES;
				INFOPLIST_KEY_UILaunchScreen_Generation = YES;
				INFOPLIST_KEY_UISupportedInterfaceOrientations_iPad = "UIInterfaceOrientationPortrait UIInterfaceOrientationPortraitUpsideDown UIInterfaceOrientationLandscapeLeft UIInterfaceOrientationLandscapeRight";
				INFOPLIST_KEY_UISupportedInterfaceOrientations_iPhone = "UIInterfaceOrientationPortrait UIInterfaceOrientationLandscapeLeft UIInterfaceOrientationLandscapeRight";
				LD_RUNPATH_SEARCH_PATHS = (
					"$(inherited)",
					"@executable_path/Frameworks",
				);
				MARKETING_VERSION = 1.0;
				PRODUCT_BUNDLE_IDENTIFIER = David.Lab3;
				PRODUCT_NAME = "$(TARGET_NAME)";
				SWIFT_EMIT_LOC_STRINGS = YES;
				SWIFT_VERSION = 5.0;
				TARGETED_DEVICE_FAMILY = "1,2";
			};
			name = Release;
		};
		71AB780A2B3323700058B7A0 /* Debug */ = {
			isa = XCBuildConfiguration;
			buildSettings = {
				ALWAYS_EMBED_SWIFT_STANDARD_LIBRARIES = YES;
				BUNDLE_LOADER = "$(TEST_HOST)";
				CODE_SIGN_STYLE = Automatic;
				CURRENT_PROJECT_VERSION = 1;
				GENERATE_INFOPLIST_FILE = YES;
				IPHONEOS_DEPLOYMENT_TARGET = 17.0;
				MARKETING_VERSION = 1.0;
				PRODUCT_BUNDLE_IDENTIFIER = David.Lab3Tests;
				PRODUCT_NAME = "$(TARGET_NAME)";
				SWIFT_EMIT_LOC_STRINGS = NO;
				SWIFT_VERSION = 5.0;
				TARGETED_DEVICE_FAMILY = "1,2";
				TEST_HOST = "$(BUILT_PRODUCTS_DIR)/Lab3.app/$(BUNDLE_EXECUTABLE_FOLDER_PATH)/Lab3";
			};
			name = Debug;
		};
		71AB780B2B3323700058B7A0 /* Release */ = {
			isa = XCBuildConfiguration;
			buildSettings = {
				ALWAYS_EMBED_SWIFT_STANDARD_LIBRARIES = YES;
				BUNDLE_LOADER = "$(TEST_HOST)";
				CODE_SIGN_STYLE = Automatic;
				CURRENT_PROJECT_VERSION = 1;
				GENERATE_INFOPLIST_FILE = YES;
				IPHONEOS_DEPLOYMENT_TARGET = 17.0;
				MARKETING_VERSION = 1.0;
				PRODUCT_BUNDLE_IDENTIFIER = David.Lab3Tests;
				PRODUCT_NAME = "$(TARGET_NAME)";
				SWIFT_EMIT_LOC_STRINGS = NO;
				SWIFT_VERSION = 5.0;
				TARGETED_DEVICE_FAMILY = "1,2";
				TEST_HOST = "$(BUILT_PRODUCTS_DIR)/Lab3.app/$(BUNDLE_EXECUTABLE_FOLDER_PATH)/Lab3";
			};
			name = Release;
		};
		71AB780D2B3323700058B7A0 /* Debug */ = {
			isa = XCBuildConfiguration;
			buildSettings = {
				ALWAYS_EMBED_SWIFT_STANDARD_LIBRARIES = YES;
				CODE_SIGN_STYLE = Automatic;
				CURRENT_PROJECT_VERSION = 1;
				GENERATE_INFOPLIST_FILE = YES;
				MARKETING_VERSION = 1.0;
				PRODUCT_BUNDLE_IDENTIFIER = David.Lab3UITests;
				PRODUCT_NAME = "$(TARGET_NAME)";
				SWIFT_EMIT_LOC_STRINGS = NO;
				SWIFT_VERSION = 5.0;
				TARGETED_DEVICE_FAMILY = "1,2";
				TEST_TARGET_NAME = Lab3;
			};
			name = Debug;
		};
		71AB780E2B3323700058B7A0 /* Release */ = {
			isa = XCBuildConfiguration;
			buildSettings = {
				ALWAYS_EMBED_SWIFT_STANDARD_LIBRARIES = YES;
				CODE_SIGN_STYLE = Automatic;
				CURRENT_PROJECT_VERSION = 1;
				GENERATE_INFOPLIST_FILE = YES;
				MARKETING_VERSION = 1.0;
				PRODUCT_BUNDLE_IDENTIFIER = David.Lab3UITests;
				PRODUCT_NAME = "$(TARGET_NAME)";
				SWIFT_EMIT_LOC_STRINGS = NO;
				SWIFT_VERSION = 5.0;
				TARGETED_DEVICE_FAMILY = "1,2";
				TEST_TARGET_NAME = Lab3;
			};
			name = Release;
		};
/* End XCBuildConfiguration section */

/* Begin XCConfigurationList section */
		71AB77DD2B33236E0058B7A0 /* Build configuration list for PBXProject "Lab3" */ = {
			isa = XCConfigurationList;
			buildConfigurations = (
				71AB78042B3323700058B7A0 /* Debug */,
				71AB78052B3323700058B7A0 /* Release */,
			);
			defaultConfigurationIsVisible = 0;
			defaultConfigurationName = Release;
		};
		71AB78062B3323700058B7A0 /* Build configuration list for PBXNativeTarget "Lab3" */ = {
			isa = XCConfigurationList;
			buildConfigurations = (
				71AB78072B3323700058B7A0 /* Debug */,
				71AB78082B3323700058B7A0 /* Release */,
			);
			defaultConfigurationIsVisible = 0;
			defaultConfigurationName = Release;
		};
		71AB78092B3323700058B7A0 /* Build configuration list for PBXNativeTarget "Lab3Tests" */ = {
			isa = XCConfigurationList;
			buildConfigurations = (
				71AB780A2B3323700058B7A0 /* Debug */,
				71AB780B2B3323700058B7A0 /* Release */,
			);
			defaultConfigurationIsVisible = 0;
			defaultConfigurationName = Release;
		};
		71AB780C2B3323700058B7A0 /* Build configuration list for PBXNativeTarget "Lab3UITests" */ = {
			isa = XCConfigurationList;
			buildConfigurations = (
				71AB780D2B3323700058B7A0 /* Debug */,
				71AB780E2B3323700058B7A0 /* Release */,
			);
			defaultConfigurationIsVisible = 0;
			defaultConfigurationName = Release;
		};
/* End XCConfigurationList section */
	};
	rootObject = 71AB77DA2B33236E0058B7A0 /* Project object */;
}
